
Microsoft Visual Studio Solution File, Format Version 12.00
# Visual Studio 14
VisualStudioVersion = 14.0.23107.0
MinimumVisualStudioVersion = 10.0.40219.1
Project("{FAE04EC0-301F-11D3-BF4B-00C04F79EFBC}") = "MultiplesOf3Or5", "MultiplesOf3Or5\MultiplesOf3Or5.csproj", "{F4CF1727-6544-49A3-BBD0-8DC82FA87C14}"
EndProject
Global
	GlobalSection(SolutionConfigurationPlatforms) = preSolution
		Debug|Any CPU = Debug|Any CPU
		Release|Any CPU = Release|Any CPU
	EndGlobalSection
	GlobalSection(ProjectConfigurationPlatforms) = postSolution
		{F4CF1727-6544-49A3-BBD0-8DC82FA87C14}.Debug|Any CPU.ActiveCfg = Debug|Any CPU
		{F4CF1727-6544-49A3-BBD0-8DC82FA87C14}.Debug|Any CPU.Build.0 = Debug|Any CPU
		{F4CF1727-6544-49A3-BBD0-8DC82FA87C14}.Release|Any CPU.ActiveCfg = Release|Any CPU
		{F4CF1727-6544-49A3-BBD0-8DC82FA87C14}.Release|Any CPU.Build.0 = Release|Any CPU
	EndGlobalSection
	GlobalSection(SolutionProperties) = preSolution
		HideSolutionNode = FALSE
	EndGlobalSection
EndGlobal
